
Microsoft Visual Studio Solution File, Format Version 12.00
# Visual Studio Version 17
VisualStudioVersion = 17.4.33103.184
MinimumVisualStudioVersion = 10.0.40219.1
Project("{FAE04EC0-301F-11D3-BF4B-00C04F79EFBC}") = "ObjectRelationalMappingExample", "ObjectRelationalMappingExample\ObjectRelationalMappingExample.csproj", "{D96F160F-6422-4B31-A292-C9952EC914D3}"
EndProject
Global
	GlobalSection(SolutionConfigurationPlatforms) = preSolution
		Debug|Any CPU = Debug|Any CPU
		Release|Any CPU = Release|Any CPU
	EndGlobalSection
	GlobalSection(ProjectConfigurationPlatforms) = postSolution
		{D96F160F-6422-4B31-A292-C9952EC914D3}.Debug|Any CPU.ActiveCfg = Debug|Any CPU
		{D96F160F-6422-4B31-A292-C9952EC914D3}.Debug|Any CPU.Build.0 = Debug|Any CPU
		{D96F160F-6422-4B31-A292-C9952EC914D3}.Release|Any CPU.ActiveCfg = Release|Any CPU
		{D96F160F-6422-4B31-A292-C9952EC914D3}.Release|Any CPU.Build.0 = Release|Any CPU
	EndGlobalSection
	GlobalSection(SolutionProperties) = preSolution
		HideSolutionNode = FALSE
	EndGlobalSection
	GlobalSection(ExtensibilityGlobals) = postSolution
		SolutionGuid = {8998A0E5-911B-4CD2-B8D7-6AFC357F076C}
	EndGlobalSection
EndGlobal
